{
  "name": "birdo",
  "version": "0.0.1",
  "lockfileVersion": 1,
  "requires": true,
  "dependencies": {
    "async": {
      "version": "2.4.1",
      "resolved": "https://registry.npmjs.org/async/-/async-2.4.1.tgz",
      "integrity": "sha1-YqVrJ5yYoR0JhwlqAcw+6463u9c="
    },
    "buffer-writer": {
      "version": "1.0.1",
      "resolved": "https://registry.npmjs.org/buffer-writer/-/buffer-writer-1.0.1.tgz",
      "integrity": "sha1-Iqk2kB4wKa/NdUfrRIfOtpejvwg="
    },
    "dota2": {
      "version": "4.2.1",
      "resolved": "https://registry.npmjs.org/dota2/-/dota2-4.2.1.tgz",
      "integrity": "sha1-mFvOoNRGXMhSy4z3kERngek71Ek="
    },
    "eris": {
      "version": "0.6.0",
      "resolved": "https://registry.npmjs.org/eris/-/eris-0.6.0.tgz",
      "integrity": "sha1-dfFalAgm999eMpuINy7l+80cww4="
    },
    "js-string-escape": {
      "version": "1.0.1",
      "resolved": "https://registry.npmjs.org/js-string-escape/-/js-string-escape-1.0.1.tgz",
      "integrity": "sha1-4mJbrbwNZ8dTPp7cEGjFh65BN+8="
    },
    "node-schedule": {
      "version": "1.2.3",
      "resolved": "https://registry.npmjs.org/node-schedule/-/node-schedule-1.2.3.tgz",
      "integrity": "sha1-gCb5m9lEHbzInHZaYp52vApf550="
    },
    "packet-reader": {
      "version": "0.3.1",
      "resolved": "https://registry.npmjs.org/packet-reader/-/packet-reader-0.3.1.tgz",
      "integrity": "sha1-zWLmCvjX/qinBexP+ZCHHEaHHyc="
    },
    "pg": {
      "version": "6.2.5",
      "resolved": "https://registry.npmjs.org/pg/-/pg-6.2.5.tgz",
      "integrity": "sha1-zT5NnYJSUtHhe/Ve/U8XEPt7zSI=",
      "requires": {
        "buffer-writer": "1.0.1",
        "js-string-escape": "1.0.1",
        "packet-reader": "0.3.1",
        "pg-connection-string": "0.1.3",
        "pg-pool": "1.*",
        "pg-types": "1.*",
        "pgpass": "1.x",
        "semver": "4.3.2"
      }
    },
    "pg-connection-string": {
      "version": "0.1.3",
      "resolved": "https://registry.npmjs.org/pg-connection-string/-/pg-connection-string-0.1.3.tgz",
      "integrity": "sha1-2hhHsglA5C7hSSvq9l1J2RskXfc="
    },
    "pg-pool": {
      "version": "1.7.1",
      "resolved": "https://registry.npmjs.org/pg-pool/-/pg-pool-1.7.1.tgz",
      "integrity": "sha1-QhEFy3Rpl53MSNb8T+P+RllDdDc="
    },
    "pg-types": {
      "version": "1.12.0",
      "resolved": "https://registry.npmjs.org/pg-types/-/pg-types-1.12.0.tgz",
      "integrity": "sha1-itO3uJfj/UY+Yt4kGtX8ZAtKZvA="
    },
    "pgpass": {
      "version": "1.0.2",
      "resolved": "https://registry.npmjs.org/pgpass/-/pgpass-1.0.2.tgz",
      "integrity": "sha1-Knu0G2BltnkH6R2hsHwYR8h3swY="
    },
    "pm2": {
      "version": "2.5.0",
      "resolved": "https://registry.npmjs.org/pm2/-/pm2-2.5.0.tgz",
      "integrity": "sha512-yBUY+3XjBrRZrQuUHijZebF8qi/muoaGf0geNKdD5vzwnDTxhMLzUAo4xzKDcnZj4IQiKwDB279ehJ6EPKcpgw==",
      "dependencies": {
        "semver": {
          "version": "5.3.0",
          "resolved": "https://registry.npmjs.org/semver/-/semver-5.3.0.tgz",
          "integrity": "sha1-myzl094C0XxgEq0yaqa00M9U+U8="
        }
      }
    },
    "semver": {
      "version": "4.3.2",
      "resolved": "https://registry.npmjs.org/semver/-/semver-4.3.2.tgz",
      "integrity": "sha1-x6BxWKgL7dBSNVt3DYLWZA+AO+c="
    },
    "steam": {
      "version": "1.4.0",
      "resolved": "https://registry.npmjs.org/steam/-/steam-1.4.0.tgz",
      "integrity": "sha1-vAPCvzZd298E2yd1NBPS3bg1sbE=",
      "dependencies": {
        "steam-resources": {
          "version": "git+https://github.com/seishun/node-steam-resources.git#1403939a12ba467a4b82c8ccbc279bbcdad43588",
          "from": "git+https://github.com/seishun/node-steam-resources.git#1403939a12ba467a4b82c8ccbc279bbcdad43588",
          "dependencies": {
            "bytebuffer": {
              "version": "5.0.0",
              "resolved": "https://registry.npmjs.org/bytebuffer/-/bytebuffer-5.0.0.tgz",
              "integrity": "sha1-TpLJKvedXsPWpllVQSfj+NA9IOc=",
              "dependencies": {
                "long": {
                  "version": "3.0.1",
                  "resolved": "https://registry.npmjs.org/long/-/long-3.0.1.tgz",
                  "integrity": "sha1-uZKB/nmPpk6jt6dMj+ExUbMxCwU="
                }
              }
            },
            "protobufjs": {
              "version": "4.1.2",
              "resolved": "https://registry.npmjs.org/protobufjs/-/protobufjs-4.1.2.tgz",
              "integrity": "sha1-Cmsb0nz39YcLI9cxPdvnCBWHb8Q=",
              "dependencies": {
                "ascli": {
                  "version": "1.0.0",
                  "resolved": "https://registry.npmjs.org/ascli/-/ascli-1.0.0.tgz",
                  "integrity": "sha1-A6gEDoYzgkQwBQlwhgKmWRa1OjE="
                },
                "bytebuffer": {
                  "version": "4.1.0",
                  "resolved": "https://registry.npmjs.org/bytebuffer/-/bytebuffer-4.1.0.tgz",
                  "integrity": "sha1-TFgmngUqseSx9/82T9+zzogpBqo=",
                  "dependencies": {
                    "bufferview": {
                      "version": "1.0.1",
                      "resolved": "https://registry.npmjs.org/bufferview/-/bufferview-1.0.1.tgz",
                      "integrity": "sha1-ev10pF+Tf6QiodM4wIu/3HbNcl0="
                    },
                    "long": {
                      "version": "2.4.0",
                      "resolved": "https://registry.npmjs.org/long/-/long-2.4.0.tgz",
                      "integrity": "sha1-n6GAux2VAM3CnEFWdmoZleH0Uk8="
                    }
                  }
                },
                "glob": {
                  "version": "5.0.15",
                  "resolved": "https://registry.npmjs.org/glob/-/glob-5.0.15.tgz",
                  "integrity": "sha1-G8k2ueAvSmA/zCIuz3Yz0wuLk7E=",
                  "dependencies": {
                    "inflight": {
                      "version": "1.0.4",
                      "resolved": "https://registry.npmjs.org/inflight/-/inflight-1.0.4.tgz",
                      "integrity": "sha1-bLtFIevVHODsCpNr/XZX736bFyo=",
                      "dependencies": {
                        "wrappy": {
                          "version": "1.0.1",
                          "resolved": "https://registry.npmjs.org/wrappy/-/wrappy-1.0.1.tgz",
                          "integrity": "sha1-HmWWmWXMvC20VIxrhKbyxa7dRzk="
                        }
                      }
                    },
                    "minimatch": {
                      "version": "3.0.0",
                      "resolved": "https://registry.npmjs.org/minimatch/-/minimatch-3.0.0.tgz",
                      "integrity": "sha1-UjYVelHk8ATBd/s8Un/33Xjw74M=",
                      "dependencies": {
                        "brace-expansion": {
                          "version": "1.1.1",
                          "resolved": "https://registry.npmjs.org/brace-expansion/-/brace-expansion-1.1.1.tgz",
                          "integrity": "sha1-2l+3iu9MRMnkrPUlBk+zII66sEU=",
                          "dependencies": {
                            "balanced-match": {
                              "version": "0.2.1",
                              "resolved": "https://registry.npmjs.org/balanced-match/-/balanced-match-0.2.1.tgz",
                              "integrity": "sha1-e8ZYtL7WHu5CStdPdfXD4sTfPMc="
                            },
                            "concat-map": {
                              "version": "0.0.1",
                              "resolved": "https://registry.npmjs.org/concat-map/-/concat-map-0.0.1.tgz",
                              "integrity": "sha1-2Klr13/Wjfd5OnMDajug1UBdR3s="
                            }
                          }
                        }
                      }
                    },
                    "once": {
                      "version": "1.3.2",
                      "resolved": "https://registry.npmjs.org/once/-/once-1.3.2.tgz",
                      "integrity": "sha1-2P7sqTsDnsHc3ud0HJK9rF4oCBs=",
                      "dependencies": {
                        "wrappy": {
                          "version": "1.0.1",
                          "resolved": "https://registry.npmjs.org/wrappy/-/wrappy-1.0.1.tgz",
                          "integrity": "sha1-HmWWmWXMvC20VIxrhKbyxa7dRzk="
                        }
                      }
                    },
                    "path-is-absolute": {
                      "version": "1.0.0",
                      "resolved": "https://registry.npmjs.org/path-is-absolute/-/path-is-absolute-1.0.0.tgz",
                      "integrity": "sha1-Jj2tpmqz8vsQv3+dJN2PPlcO+RI="
                    }
                  }
                },
                "yargs": {
                  "version": "3.29.0",
                  "resolved": "https://registry.npmjs.org/yargs/-/yargs-3.29.0.tgz",
                  "integrity": "sha1-GquWYOrnnYuPZ1vK7qtu40ws9pw=",
                  "dependencies": {
                    "camelcase": {
                      "version": "1.2.1",
                      "resolved": "https://registry.npmjs.org/camelcase/-/camelcase-1.2.1.tgz",
                      "integrity": "sha1-m7UwTS4LVmmLLHWLCKPqqdqlijk="
                    },
                    "cliui": {
                      "version": "3.0.3",
                      "resolved": "https://registry.npmjs.org/cliui/-/cliui-3.0.3.tgz",
                      "integrity": "sha1-R23l40QskhsWW8+FVq7pww5+FE4=",
                      "dependencies": {
                        "string-width": {
                          "version": "1.0.1",
                          "resolved": "https://registry.npmjs.org/string-width/-/string-width-1.0.1.tgz",
                          "integrity": "sha1-ySEptvHX9SrPmvQkom44ZKBc6wo=",
                          "dependencies": {
                            "code-point-at": {
                              "version": "1.0.0",
                              "resolved": "https://registry.npmjs.org/code-point-at/-/code-point-at-1.0.0.tgz",
                              "integrity": "sha1-9psZLT99keOC5Lcb3bd4eGGasMY=",
                              "dependencies": {
                                "number-is-nan": {
                                  "version": "1.0.0",
                                  "resolved": "https://registry.npmjs.org/number-is-nan/-/number-is-nan-1.0.0.tgz",
                                  "integrity": "sha1-wCD1KcUoKt/dIz2R1LGBw9aG3Es="
                                }
                              }
                            },
                            "is-fullwidth-code-point": {
                              "version": "1.0.0",
                              "resolved": "https://registry.npmjs.org/is-fullwidth-code-point/-/is-fullwidth-code-point-1.0.0.tgz",
                              "integrity": "sha1-754xOG8DGn8NZDr4L95QxFfvAMs=",
                              "dependencies": {
                                "number-is-nan": {
                                  "version": "1.0.0",
                                  "resolved": "https://registry.npmjs.org/number-is-nan/-/number-is-nan-1.0.0.tgz",
                                  "integrity": "sha1-wCD1KcUoKt/dIz2R1LGBw9aG3Es="
                                }
                              }
                            }
                          }
                        },
                        "strip-ansi": {
                          "version": "3.0.0",
                          "resolved": "https://registry.npmjs.org/strip-ansi/-/strip-ansi-3.0.0.tgz",
                          "integrity": "sha1-dRC2ZVZ8qRTMtdfgcnY6yWi+NyQ=",
                          "dependencies": {
                            "ansi-regex": {
                              "version": "2.0.0",
                              "resolved": "https://registry.npmjs.org/ansi-regex/-/ansi-regex-2.0.0.tgz",
                              "integrity": "sha1-xQYbbg74qBd15Q9dZhUb9r83EQc="
                            }
                          }
                        },
                        "wrap-ansi": {
                          "version": "1.0.0",
                          "resolved": "https://registry.npmjs.org/wrap-ansi/-/wrap-ansi-1.0.0.tgz",
                          "integrity": "sha1-9XO7nuI89DiR8zYvXzWaHfo4/DQ="
                        }
                      }
                    },
                    "decamelize": {
                      "version": "1.1.1",
                      "resolved": "https://registry.npmjs.org/decamelize/-/decamelize-1.1.1.tgz",
                      "integrity": "sha1-iHFHmmwEh/VlPUipkvHQOBym8DE="
                    },
                    "os-locale": {
                      "version": "1.4.0",
                      "resolved": "https://registry.npmjs.org/os-locale/-/os-locale-1.4.0.tgz",
                      "integrity": "sha1-IPnxeuKe00XoveWDsT0gCYA8FNk=",
                      "dependencies": {
                        "lcid": {
                          "version": "1.0.0",
                          "resolved": "https://registry.npmjs.org/lcid/-/lcid-1.0.0.tgz",
                          "integrity": "sha1-MIrMr6C8SDo4Z7S28rlQYlHRuDU=",
                          "dependencies": {
                            "invert-kv": {
                              "version": "1.0.0",
                              "resolved": "https://registry.npmjs.org/invert-kv/-/invert-kv-1.0.0.tgz",
                              "integrity": "sha1-EEqOSqym09jNFXqO+L+rLXo//bY="
                            }
                          }
                        }
                      }
                    },
                    "window-size": {
                      "version": "0.1.2",
                      "resolved": "https://registry.npmjs.org/window-size/-/window-size-0.1.2.tgz",
                      "integrity": "sha1-ENU/D47oZ+OoUfC+DjEAhyMp2zo="
                    },
                    "y18n": {
                      "version": "3.2.0",
                      "resolved": "https://registry.npmjs.org/y18n/-/y18n-3.2.0.tgz",
                      "integrity": "sha1-O+xkyTtzDZJKYUjHZXV5MkM+NMg="
                    }
                  }
                }
              }
            }
          }
        }
      }
    }
  }
}
